<?xml version="1.0" encoding="UTF-8" standalone="yes" ?>
<CodeBlocks_project_file>
	<FileVersion major="1" minor="6" />
	<Project>
		<Option title="mqtt_service" />
		<Option makefile="makefile" />
		<Option pch_mode="2" />
		<Option compiler="gcc" />
		<Build>
			<Target title="Debug">
				<Option output="mqtt_service" prefix_auto="1" extension_auto="1" />
				<Option object_output="./" />
				<Option type="0" />
				<Option compiler="gcc" />
				<Compiler>
					<Add option="-g" />
				</Compiler>
			</Target>
			<Target title="Release">
				<Option output="mqtt_service" prefix_auto="1" extension_auto="1" />
				<Option object_output="./" />
				<Option type="0" />
				<Option compiler="gcc" />
				<Compiler>
					<Add option="-O2" />
				</Compiler>
				<Linker>
					<Add option="-s" />
					<Add option="-static" />
				</Linker>
			</Target>
		</Build>
		<Compiler>
			<Add option="-Wall" />
			<Add option="-std=c++11" />
		</Compiler>
		<Linker>
			<Add library="gdi32" />
			<Add library="user32" />
			<Add library="kernel32" />
			<Add library="comctl32" />
			<Add library="ole32" />
			<Add library="version" />
			<Add library="comdlg32" />
			<Add library="ws2_32" />
		</Linker>
		<Unit filename="about_window.cpp" />
		<Unit filename="about_window.hpp" />
		<Unit filename="console_window.cpp" />
		<Unit filename="console_window.hpp" />
		<Unit filename="console.hpp" />
		<Unit filename="mqtt/protocol.cpp" />
		<Unit filename="mqtt/protocol.hpp" />
		<Unit filename="mqtt/service.cpp" />
		<Unit filename="mqtt/service.hpp" />
		<Unit filename="mqtt_service.cpp" />
		<Unit filename="resources/manifest.xml" />
		<Unit filename="resources/resource.h" />
		<Unit filename="resources/resource.rc">
			<Option compilerVar="WINDRES" />
		</Unit>
		<Unit filename="thread/thread.cpp" />
		<Unit filename="thread/thread.hpp" />
		<Unit filename="windows/product_info.cpp" />
		<Unit filename="windows/product_info.hpp" />
		<Unit filename="windows/window.cpp" />
		<Unit filename="windows/window.hpp" />
		<Extensions>
			<lib_finder disable_auto="1" />
		</Extensions>
	</Project>
</CodeBlocks_project_file>
